
Microsoft Visual Studio Solution File, Format Version 12.00
# Visual Studio Version 17
VisualStudioVersion = 17.0.31903.59
MinimumVisualStudioVersion = 10.0.40219.1
Project("{2150E333-8FDC-42A3-9474-1A3956D46DE8}") = "src", "src", "{827E0CD3-B72D-47B6-A68D-7590B98EB39B}"
EndProject
Project("{2150E333-8FDC-42A3-9474-1A3956D46DE8}") = "ApiGateway", "ApiGateway", "{FCA01246-F2C6-0AA7-D43F-FD13BE0B9D88}"
EndProject
Project("{FAE04EC0-301F-11D3-BF4B-00C04F79EFBC}") = "RealEstate.YarpGateway", "src\ApiGateway\RealEstate.YarpGateway\RealEstate.YarpGateway.csproj", "{6306A7BF-DD89-4522-8929-C614476A0983}"
EndProject
Project("{2150E333-8FDC-42A3-9474-1A3956D46DE8}") = "Services", "Services", "{984BB9B3-3FA3-BE33-9484-CAC21695A33C}"
EndProject
Project("{2150E333-8FDC-42A3-9474-1A3956D46DE8}") = "PropertyService", "PropertyService", "{DEFE65A1-8458-5878-8323-44CF1A3176D4}"
EndProject
Project("{FAE04EC0-301F-11D3-BF4B-00C04F79EFBC}") = "RealEstate.PropertyService", "src\Services\PropertyService\RealEstate.PropertyService.csproj", "{2FD8E34F-D6AC-48C9-9E59-8DDFA3448512}"
EndProject
Project("{2150E333-8FDC-42A3-9474-1A3956D46DE8}") = "InquiryService", "InquiryService", "{C6E6E677-13C0-2FA6-22E0-5823AA7B1ADC}"
EndProject
Project("{FAE04EC0-301F-11D3-BF4B-00C04F79EFBC}") = "RealEstate.InquiryService", "src\Services\InquiryService\RealEstate.InquiryService.csproj", "{B3615054-F394-4753-BF3E-A10CB3DEF090}"
EndProject
Project("{2150E333-8FDC-42A3-9474-1A3956D46DE8}") = "BlogService", "BlogService", "{2F6E261A-D825-762E-792D-C5157FAE5C25}"
EndProject
Project("{FAE04EC0-301F-11D3-BF4B-00C04F79EFBC}") = "RealEstate.BlogService", "src\Services\BlogService\RealEstate.BlogService.csproj", "{35E607B5-D155-4DD0-B68D-FC2CDAF49C94}"
EndProject
Global
	GlobalSection(SolutionConfigurationPlatforms) = preSolution
		Debug|Any CPU = Debug|Any CPU
		Debug|x64 = Debug|x64
		Debug|x86 = Debug|x86
		Release|Any CPU = Release|Any CPU
		Release|x64 = Release|x64
		Release|x86 = Release|x86
	EndGlobalSection
	GlobalSection(ProjectConfigurationPlatforms) = postSolution
		{6306A7BF-DD89-4522-8929-C614476A0983}.Debug|Any CPU.ActiveCfg = Debug|Any CPU
		{6306A7BF-DD89-4522-8929-C614476A0983}.Debug|Any CPU.Build.0 = Debug|Any CPU
		{6306A7BF-DD89-4522-8929-C614476A0983}.Debug|x64.ActiveCfg = Debug|Any CPU
		{6306A7BF-DD89-4522-8929-C614476A0983}.Debug|x64.Build.0 = Debug|Any CPU
		{6306A7BF-DD89-4522-8929-C614476A0983}.Debug|x86.ActiveCfg = Debug|Any CPU
		{6306A7BF-DD89-4522-8929-C614476A0983}.Debug|x86.Build.0 = Debug|Any CPU
		{6306A7BF-DD89-4522-8929-C614476A0983}.Release|Any CPU.ActiveCfg = Release|Any CPU
		{6306A7BF-DD89-4522-8929-C614476A0983}.Release|Any CPU.Build.0 = Release|Any CPU
		{6306A7BF-DD89-4522-8929-C614476A0983}.Release|x64.ActiveCfg = Release|Any CPU
		{6306A7BF-DD89-4522-8929-C614476A0983}.Release|x64.Build.0 = Release|Any CPU
		{6306A7BF-DD89-4522-8929-C614476A0983}.Release|x86.ActiveCfg = Release|Any CPU
		{6306A7BF-DD89-4522-8929-C614476A0983}.Release|x86.Build.0 = Release|Any CPU
		{2FD8E34F-D6AC-48C9-9E59-8DDFA3448512}.Debug|Any CPU.ActiveCfg = Debug|Any CPU
		{2FD8E34F-D6AC-48C9-9E59-8DDFA3448512}.Debug|Any CPU.Build.0 = Debug|Any CPU
		{2FD8E34F-D6AC-48C9-9E59-8DDFA3448512}.Debug|x64.ActiveCfg = Debug|Any CPU
		{2FD8E34F-D6AC-48C9-9E59-8DDFA3448512}.Debug|x64.Build.0 = Debug|Any CPU
		{2FD8E34F-D6AC-48C9-9E59-8DDFA3448512}.Debug|x86.ActiveCfg = Debug|Any CPU
		{2FD8E34F-D6AC-48C9-9E59-8DDFA3448512}.Debug|x86.Build.0 = Debug|Any CPU
		{2FD8E34F-D6AC-48C9-9E59-8DDFA3448512}.Release|Any CPU.ActiveCfg = Release|Any CPU
		{2FD8E34F-D6AC-48C9-9E59-8DDFA3448512}.Release|Any CPU.Build.0 = Release|Any CPU
		{2FD8E34F-D6AC-48C9-9E59-8DDFA3448512}.Release|x64.ActiveCfg = Release|Any CPU
		{2FD8E34F-D6AC-48C9-9E59-8DDFA3448512}.Release|x64.Build.0 = Release|Any CPU
		{2FD8E34F-D6AC-48C9-9E59-8DDFA3448512}.Release|x86.ActiveCfg = Release|Any CPU
		{2FD8E34F-D6AC-48C9-9E59-8DDFA3448512}.Release|x86.Build.0 = Release|Any CPU
		{B3615054-F394-4753-BF3E-A10CB3DEF090}.Debug|Any CPU.ActiveCfg = Debug|Any CPU
		{B3615054-F394-4753-BF3E-A10CB3DEF090}.Debug|Any CPU.Build.0 = Debug|Any CPU
		{B3615054-F394-4753-BF3E-A10CB3DEF090}.Debug|x64.ActiveCfg = Debug|Any CPU
		{B3615054-F394-4753-BF3E-A10CB3DEF090}.Debug|x64.Build.0 = Debug|Any CPU
		{B3615054-F394-4753-BF3E-A10CB3DEF090}.Debug|x86.ActiveCfg = Debug|Any CPU
		{B3615054-F394-4753-BF3E-A10CB3DEF090}.Debug|x86.Build.0 = Debug|Any CPU
		{B3615054-F394-4753-BF3E-A10CB3DEF090}.Release|Any CPU.ActiveCfg = Release|Any CPU
		{B3615054-F394-4753-BF3E-A10CB3DEF090}.Release|Any CPU.Build.0 = Release|Any CPU
		{B3615054-F394-4753-BF3E-A10CB3DEF090}.Release|x64.ActiveCfg = Release|Any CPU
		{B3615054-F394-4753-BF3E-A10CB3DEF090}.Release|x64.Build.0 = Release|Any CPU
		{B3615054-F394-4753-BF3E-A10CB3DEF090}.Release|x86.ActiveCfg = Release|Any CPU
		{B3615054-F394-4753-BF3E-A10CB3DEF090}.Release|x86.Build.0 = Release|Any CPU
		{35E607B5-D155-4DD0-B68D-FC2CDAF49C94}.Debug|Any CPU.ActiveCfg = Debug|Any CPU
		{35E607B5-D155-4DD0-B68D-FC2CDAF49C94}.Debug|Any CPU.Build.0 = Debug|Any CPU
		{35E607B5-D155-4DD0-B68D-FC2CDAF49C94}.Debug|x64.ActiveCfg = Debug|Any CPU
		{35E607B5-D155-4DD0-B68D-FC2CDAF49C94}.Debug|x64.Build.0 = Debug|Any CPU
		{35E607B5-D155-4DD0-B68D-FC2CDAF49C94}.Debug|x86.ActiveCfg = Debug|Any CPU
		{35E607B5-D155-4DD0-B68D-FC2CDAF49C94}.Debug|x86.Build.0 = Debug|Any CPU
		{35E607B5-D155-4DD0-B68D-FC2CDAF49C94}.Release|Any CPU.ActiveCfg = Release|Any CPU
		{35E607B5-D155-4DD0-B68D-FC2CDAF49C94}.Release|Any CPU.Build.0 = Release|Any CPU
		{35E607B5-D155-4DD0-B68D-FC2CDAF49C94}.Release|x64.ActiveCfg = Release|Any CPU
		{35E607B5-D155-4DD0-B68D-FC2CDAF49C94}.Release|x64.Build.0 = Release|Any CPU
		{35E607B5-D155-4DD0-B68D-FC2CDAF49C94}.Release|x86.ActiveCfg = Release|Any CPU
		{35E607B5-D155-4DD0-B68D-FC2CDAF49C94}.Release|x86.Build.0 = Release|Any CPU
	EndGlobalSection
	GlobalSection(SolutionProperties) = preSolution
		HideSolutionNode = FALSE
	EndGlobalSection
	GlobalSection(NestedProjects) = preSolution
		{FCA01246-F2C6-0AA7-D43F-FD13BE0B9D88} = {827E0CD3-B72D-47B6-A68D-7590B98EB39B}
		{6306A7BF-DD89-4522-8929-C614476A0983} = {FCA01246-F2C6-0AA7-D43F-FD13BE0B9D88}
		{984BB9B3-3FA3-BE33-9484-CAC21695A33C} = {827E0CD3-B72D-47B6-A68D-7590B98EB39B}
		{DEFE65A1-8458-5878-8323-44CF1A3176D4} = {984BB9B3-3FA3-BE33-9484-CAC21695A33C}
		{2FD8E34F-D6AC-48C9-9E59-8DDFA3448512} = {DEFE65A1-8458-5878-8323-44CF1A3176D4}
		{C6E6E677-13C0-2FA6-22E0-5823AA7B1ADC} = {984BB9B3-3FA3-BE33-9484-CAC21695A33C}
		{B3615054-F394-4753-BF3E-A10CB3DEF090} = {C6E6E677-13C0-2FA6-22E0-5823AA7B1ADC}
		{2F6E261A-D825-762E-792D-C5157FAE5C25} = {984BB9B3-3FA3-BE33-9484-CAC21695A33C}
		{35E607B5-D155-4DD0-B68D-FC2CDAF49C94} = {2F6E261A-D825-762E-792D-C5157FAE5C25}
	EndGlobalSection
EndGlobal
